
Microsoft Visual Studio Solution File, Format Version 12.00
# Visual Studio Version 17
VisualStudioVersion = 17.11.35208.52
MinimumVisualStudioVersion = 10.0.40219.1
Project("{9A19103F-16F7-4668-BE54-9A1E7A4F7556}") = "ProyectoClinica", "ProyectoClinica\ProyectoClinica.csproj", "{BA648812-863B-48EA-BC61-7F0C325A17C5}"
EndProject
Project("{9A19103F-16F7-4668-BE54-9A1E7A4F7556}") = "DataLayer", "DataLayer\DataLayer.csproj", "{F31C475A-F1B5-478A-8DC2-8396847690C1}"
EndProject
Project("{9A19103F-16F7-4668-BE54-9A1E7A4F7556}") = "Entities", "Entities\Entities.csproj", "{5E515B06-0014-4926-A7B3-1D52F672247E}"
EndProject
Project("{9A19103F-16F7-4668-BE54-9A1E7A4F7556}") = "BusinessLayer", "BusinessLayer\BusinessLayer.csproj", "{3323B82D-73E3-4AC0-8F16-4DDD67D6B305}"
EndProject
Global
	GlobalSection(SolutionConfigurationPlatforms) = preSolution
		Debug|Any CPU = Debug|Any CPU
		Release|Any CPU = Release|Any CPU
	EndGlobalSection
	GlobalSection(ProjectConfigurationPlatforms) = postSolution
		{BA648812-863B-48EA-BC61-7F0C325A17C5}.Debug|Any CPU.ActiveCfg = Debug|Any CPU
		{BA648812-863B-48EA-BC61-7F0C325A17C5}.Debug|Any CPU.Build.0 = Debug|Any CPU
		{BA648812-863B-48EA-BC61-7F0C325A17C5}.Release|Any CPU.ActiveCfg = Release|Any CPU
		{BA648812-863B-48EA-BC61-7F0C325A17C5}.Release|Any CPU.Build.0 = Release|Any CPU
		{F31C475A-F1B5-478A-8DC2-8396847690C1}.Debug|Any CPU.ActiveCfg = Debug|Any CPU
		{F31C475A-F1B5-478A-8DC2-8396847690C1}.Debug|Any CPU.Build.0 = Debug|Any CPU
		{F31C475A-F1B5-478A-8DC2-8396847690C1}.Release|Any CPU.ActiveCfg = Release|Any CPU
		{F31C475A-F1B5-478A-8DC2-8396847690C1}.Release|Any CPU.Build.0 = Release|Any CPU
		{5E515B06-0014-4926-A7B3-1D52F672247E}.Debug|Any CPU.ActiveCfg = Debug|Any CPU
		{5E515B06-0014-4926-A7B3-1D52F672247E}.Debug|Any CPU.Build.0 = Debug|Any CPU
		{5E515B06-0014-4926-A7B3-1D52F672247E}.Release|Any CPU.ActiveCfg = Release|Any CPU
		{5E515B06-0014-4926-A7B3-1D52F672247E}.Release|Any CPU.Build.0 = Release|Any CPU
		{3323B82D-73E3-4AC0-8F16-4DDD67D6B305}.Debug|Any CPU.ActiveCfg = Debug|Any CPU
		{3323B82D-73E3-4AC0-8F16-4DDD67D6B305}.Debug|Any CPU.Build.0 = Debug|Any CPU
		{3323B82D-73E3-4AC0-8F16-4DDD67D6B305}.Release|Any CPU.ActiveCfg = Release|Any CPU
		{3323B82D-73E3-4AC0-8F16-4DDD67D6B305}.Release|Any CPU.Build.0 = Release|Any CPU
	EndGlobalSection
	GlobalSection(SolutionProperties) = preSolution
		HideSolutionNode = FALSE
	EndGlobalSection
	GlobalSection(ExtensibilityGlobals) = postSolution
		SolutionGuid = {25F05355-4AC7-4EFD-BB8E-C23781EAE7D1}
	EndGlobalSection
EndGlobal
